
Microsoft Visual Studio Solution File, Format Version 12.00
# Visual Studio Version 16
VisualStudioVersion = 16.0.29920.165
MinimumVisualStudioVersion = 10.0.40219.1
Project("{FAE04EC0-301F-11D3-BF4B-00C04F79EFBC}") = "MusikaIDE", "ide\MusikaIDE.csproj", "{0A9C2BB8-271E-43AD-B2C3-44E3AFC60838}"
EndProject
Project("{FAE04EC0-301F-11D3-BF4B-00C04F79EFBC}") = "Musika", "compiler\Musika.csproj", "{408EB31C-1BEF-4320-9914-7EA21197B1F7}"
EndProject
Global
	GlobalSection(SolutionConfigurationPlatforms) = preSolution
		Debug|Any CPU = Debug|Any CPU
		Release|Any CPU = Release|Any CPU
	EndGlobalSection
	GlobalSection(ProjectConfigurationPlatforms) = postSolution
		{0A9C2BB8-271E-43AD-B2C3-44E3AFC60838}.Debug|Any CPU.ActiveCfg = Debug|Any CPU
		{0A9C2BB8-271E-43AD-B2C3-44E3AFC60838}.Debug|Any CPU.Build.0 = Debug|Any CPU
		{0A9C2BB8-271E-43AD-B2C3-44E3AFC60838}.Release|Any CPU.ActiveCfg = Release|Any CPU
		{0A9C2BB8-271E-43AD-B2C3-44E3AFC60838}.Release|Any CPU.Build.0 = Release|Any CPU
		{408EB31C-1BEF-4320-9914-7EA21197B1F7}.Debug|Any CPU.ActiveCfg = Debug|Any CPU
		{408EB31C-1BEF-4320-9914-7EA21197B1F7}.Debug|Any CPU.Build.0 = Debug|Any CPU
		{408EB31C-1BEF-4320-9914-7EA21197B1F7}.Release|Any CPU.ActiveCfg = Release|Any CPU
		{408EB31C-1BEF-4320-9914-7EA21197B1F7}.Release|Any CPU.Build.0 = Release|Any CPU
	EndGlobalSection
	GlobalSection(SolutionProperties) = preSolution
		HideSolutionNode = FALSE
	EndGlobalSection
	GlobalSection(ExtensibilityGlobals) = postSolution
		SolutionGuid = {E326EA8E-1369-47E6-B3BF-8EF1D8070C4F}
	EndGlobalSection
EndGlobal
